Microsoft Visual Studio Solution File, Format Version 12.00
# Visual Studio Version 17
VisualStudioVersion = 17.5.2.0
MinimumVisualStudioVersion = 10.0.40219.1
Project("{FAE04EC0-301F-11D3-BF4B-00C04F79EFBC}") = "simpleReading", "simpleReading.csproj", "{999682AC-5BDC-9136-04E0-770BF32C4936}"
EndProject
Global
	GlobalSection(SolutionConfigurationPlatforms) = preSolution
		Debug|Any CPU = Debug|Any CPU
		Release|Any CPU = Release|Any CPU
	EndGlobalSection
	GlobalSection(ProjectConfigurationPlatforms) = postSolution
		{999682AC-5BDC-9136-04E0-770BF32C4936}.Debug|Any CPU.ActiveCfg = Debug|Any CPU
		{999682AC-5BDC-9136-04E0-770BF32C4936}.Debug|Any CPU.Build.0 = Debug|Any CPU
		{999682AC-5BDC-9136-04E0-770BF32C4936}.Release|Any CPU.ActiveCfg = Release|Any CPU
		{999682AC-5BDC-9136-04E0-770BF32C4936}.Release|Any CPU.Build.0 = Release|Any CPU
	EndGlobalSection
	GlobalSection(SolutionProperties) = preSolution
		HideSolutionNode = FALSE
	EndGlobalSection
	GlobalSection(ExtensibilityGlobals) = postSolution
		SolutionGuid = {1AA884FF-CE7D-48DB-956C-2A32C6C6A8AF}
	EndGlobalSection
EndGlobal
